
Microsoft Visual Studio Solution File, Format Version 12.00
# Visual Studio 15
VisualStudioVersion = 15.0.26124.0
MinimumVisualStudioVersion = 15.0.26124.0
Project("{2150E333-8FDC-42A3-9474-1A3956D46DE8}") = "src", "src", "{7EEA85A3-F476-4677-99EF-A93BCF09AF0B}"
EndProject
Project("{FAE04EC0-301F-11D3-BF4B-00C04F79EFBC}") = "AppMenu", "src\AppMenu\AppMenu.csproj", "{DD774A9E-5339-40CD-A5FD-A2F1A72B6334}"
EndProject
Project("{FAE04EC0-301F-11D3-BF4B-00C04F79EFBC}") = "BodyLib", "src\BodyLib\BodyLib.csproj", "{BB9E37B2-6A69-40EC-A66E-0CDF5D476C7F}"
EndProject
Global
	GlobalSection(SolutionConfigurationPlatforms) = preSolution
		Debug|Any CPU = Debug|Any CPU
		Debug|x64 = Debug|x64
		Debug|x86 = Debug|x86
		Release|Any CPU = Release|Any CPU
		Release|x64 = Release|x64
		Release|x86 = Release|x86
	EndGlobalSection
	GlobalSection(SolutionProperties) = preSolution
		HideSolutionNode = FALSE
	EndGlobalSection
	GlobalSection(ProjectConfigurationPlatforms) = postSolution
		{DD774A9E-5339-40CD-A5FD-A2F1A72B6334}.Debug|Any CPU.ActiveCfg = Debug|Any CPU
		{DD774A9E-5339-40CD-A5FD-A2F1A72B6334}.Debug|Any CPU.Build.0 = Debug|Any CPU
		{DD774A9E-5339-40CD-A5FD-A2F1A72B6334}.Debug|x64.ActiveCfg = Debug|Any CPU
		{DD774A9E-5339-40CD-A5FD-A2F1A72B6334}.Debug|x64.Build.0 = Debug|Any CPU
		{DD774A9E-5339-40CD-A5FD-A2F1A72B6334}.Debug|x86.ActiveCfg = Debug|Any CPU
		{DD774A9E-5339-40CD-A5FD-A2F1A72B6334}.Debug|x86.Build.0 = Debug|Any CPU
		{DD774A9E-5339-40CD-A5FD-A2F1A72B6334}.Release|Any CPU.ActiveCfg = Release|Any CPU
		{DD774A9E-5339-40CD-A5FD-A2F1A72B6334}.Release|Any CPU.Build.0 = Release|Any CPU
		{DD774A9E-5339-40CD-A5FD-A2F1A72B6334}.Release|x64.ActiveCfg = Release|Any CPU
		{DD774A9E-5339-40CD-A5FD-A2F1A72B6334}.Release|x64.Build.0 = Release|Any CPU
		{DD774A9E-5339-40CD-A5FD-A2F1A72B6334}.Release|x86.ActiveCfg = Release|Any CPU
		{DD774A9E-5339-40CD-A5FD-A2F1A72B6334}.Release|x86.Build.0 = Release|Any CPU
		{BB9E37B2-6A69-40EC-A66E-0CDF5D476C7F}.Debug|Any CPU.ActiveCfg = Debug|Any CPU
		{BB9E37B2-6A69-40EC-A66E-0CDF5D476C7F}.Debug|Any CPU.Build.0 = Debug|Any CPU
		{BB9E37B2-6A69-40EC-A66E-0CDF5D476C7F}.Debug|x64.ActiveCfg = Debug|Any CPU
		{BB9E37B2-6A69-40EC-A66E-0CDF5D476C7F}.Debug|x64.Build.0 = Debug|Any CPU
		{BB9E37B2-6A69-40EC-A66E-0CDF5D476C7F}.Debug|x86.ActiveCfg = Debug|Any CPU
		{BB9E37B2-6A69-40EC-A66E-0CDF5D476C7F}.Debug|x86.Build.0 = Debug|Any CPU
		{BB9E37B2-6A69-40EC-A66E-0CDF5D476C7F}.Release|Any CPU.ActiveCfg = Release|Any CPU
		{BB9E37B2-6A69-40EC-A66E-0CDF5D476C7F}.Release|Any CPU.Build.0 = Release|Any CPU
		{BB9E37B2-6A69-40EC-A66E-0CDF5D476C7F}.Release|x64.ActiveCfg = Release|Any CPU
		{BB9E37B2-6A69-40EC-A66E-0CDF5D476C7F}.Release|x64.Build.0 = Release|Any CPU
		{BB9E37B2-6A69-40EC-A66E-0CDF5D476C7F}.Release|x86.ActiveCfg = Release|Any CPU
		{BB9E37B2-6A69-40EC-A66E-0CDF5D476C7F}.Release|x86.Build.0 = Release|Any CPU
	EndGlobalSection
	GlobalSection(NestedProjects) = preSolution
		{DD774A9E-5339-40CD-A5FD-A2F1A72B6334} = {7EEA85A3-F476-4677-99EF-A93BCF09AF0B}
		{BB9E37B2-6A69-40EC-A66E-0CDF5D476C7F} = {7EEA85A3-F476-4677-99EF-A93BCF09AF0B}
	EndGlobalSection
EndGlobal
